
Microsoft Visual Studio Solution File, Format Version 12.00
# Visual Studio Version 17
VisualStudioVersion = 17.9.34622.214
MinimumVisualStudioVersion = 10.0.40219.1
Project("{9A19103F-16F7-4668-BE54-9A1E7A4F7556}") = "ShortestPathFinder", "src\ShortestPathFinder.csproj", "{B72104C3-021A-4332-870E-8EC6A0A8A8FE}"
EndProject
Project("{2150E333-8FDC-42A3-9474-1A3956D46DE8}") = "src", "src", "{95EA5E5F-881C-4F8A-8C3F-700D786ABC26}"
EndProject
Project("{2150E333-8FDC-42A3-9474-1A3956D46DE8}") = "test", "test", "{D1A2AC16-604C-4825-BDE5-0FDDFC8EBEC2}"
EndProject
Project("{FAE04EC0-301F-11D3-BF4B-00C04F79EFBC}") = "ShortestPathFinderTest", "test\ShortestPathFinderTest\ShortestPathFinderTest.csproj", "{8E69D615-07E8-48BF-9BDC-849F796E825C}"
EndProject
Global
	GlobalSection(SolutionConfigurationPlatforms) = preSolution
		Debug|Any CPU = Debug|Any CPU
		Release|Any CPU = Release|Any CPU
	EndGlobalSection
	GlobalSection(ProjectConfigurationPlatforms) = postSolution
		{B72104C3-021A-4332-870E-8EC6A0A8A8FE}.Debug|Any CPU.ActiveCfg = Debug|Any CPU
		{B72104C3-021A-4332-870E-8EC6A0A8A8FE}.Debug|Any CPU.Build.0 = Debug|Any CPU
		{B72104C3-021A-4332-870E-8EC6A0A8A8FE}.Release|Any CPU.ActiveCfg = Release|Any CPU
		{B72104C3-021A-4332-870E-8EC6A0A8A8FE}.Release|Any CPU.Build.0 = Release|Any CPU
		{8E69D615-07E8-48BF-9BDC-849F796E825C}.Debug|Any CPU.ActiveCfg = Debug|Any CPU
		{8E69D615-07E8-48BF-9BDC-849F796E825C}.Debug|Any CPU.Build.0 = Debug|Any CPU
		{8E69D615-07E8-48BF-9BDC-849F796E825C}.Release|Any CPU.ActiveCfg = Release|Any CPU
		{8E69D615-07E8-48BF-9BDC-849F796E825C}.Release|Any CPU.Build.0 = Release|Any CPU
	EndGlobalSection
	GlobalSection(SolutionProperties) = preSolution
		HideSolutionNode = FALSE
	EndGlobalSection
	GlobalSection(NestedProjects) = preSolution
		{B72104C3-021A-4332-870E-8EC6A0A8A8FE} = {95EA5E5F-881C-4F8A-8C3F-700D786ABC26}
		{8E69D615-07E8-48BF-9BDC-849F796E825C} = {D1A2AC16-604C-4825-BDE5-0FDDFC8EBEC2}
	EndGlobalSection
	GlobalSection(ExtensibilityGlobals) = postSolution
		SolutionGuid = {397FEC43-E04B-46AC-9571-54E0585F5C3D}
	EndGlobalSection
EndGlobal
